
Microsoft Visual Studio Solution File, Format Version 12.00
# Visual Studio Version 17
VisualStudioVersion = 17.12.35707.178
MinimumVisualStudioVersion = 10.0.40219.1
Project("{FAE04EC0-301F-11D3-BF4B-00C04F79EFBC}") = "CopyFile", "CopyFile\CopyFile.csproj", "{5249072E-D26A-4D95-BA22-72F9ECDA00C0}"
	ProjectSection(ProjectDependencies) = postProject
		{2ED13178-53DC-4114-ACC6-3EB5CB8D0ED2} = {2ED13178-53DC-4114-ACC6-3EB5CB8D0ED2}
		{3447C8A3-137D-4963-92CB-DD6EABEE2BAD} = {3447C8A3-137D-4963-92CB-DD6EABEE2BAD}
		{37FAAD9F-27E1-4BBA-9733-1A38F9988935} = {37FAAD9F-27E1-4BBA-9733-1A38F9988935}
		{972285EE-591B-4CFA-A14A-D08130C48D7D} = {972285EE-591B-4CFA-A14A-D08130C48D7D}
		{B2E7347A-69C4-4F4B-BA55-929CD32A4292} = {B2E7347A-69C4-4F4B-BA55-929CD32A4292}
		{C3E3F568-71CF-4C44-86D7-E156C668D384} = {C3E3F568-71CF-4C44-86D7-E156C668D384}
		{CEFFB207-9CEE-469D-A199-741F02F06783} = {CEFFB207-9CEE-469D-A199-741F02F06783}
		{E697BDCE-7031-4C39-A60B-0DB5426057D8} = {E697BDCE-7031-4C39-A60B-0DB5426057D8}
	EndProjectSection
EndProject
Project("{8BC9CEB8-8B4A-11D0-8D11-00A0C91BC942}") = "Asi", "Asi\Asi.vcxproj", "{B2E7347A-69C4-4F4B-BA55-929CD32A4292}"
EndProject
Project("{FAE04EC0-301F-11D3-BF4B-00C04F79EFBC}") = "Player", "Player\Player.csproj", "{E697BDCE-7031-4C39-A60B-0DB5426057D8}"
EndProject
Project("{FAE04EC0-301F-11D3-BF4B-00C04F79EFBC}") = "Bridge", "Bridge\Bridge.csproj", "{2ED13178-53DC-4114-ACC6-3EB5CB8D0ED2}"
EndProject
Project("{FAE04EC0-301F-11D3-BF4B-00C04F79EFBC}") = "Vehicle", "Vehicle\Vehicle.csproj", "{3447C8A3-137D-4963-92CB-DD6EABEE2BAD}"
EndProject
Project("{FAE04EC0-301F-11D3-BF4B-00C04F79EFBC}") = "Weapon", "Weapon\Weapon.csproj", "{972285EE-591B-4CFA-A14A-D08130C48D7D}"
EndProject
Project("{FAE04EC0-301F-11D3-BF4B-00C04F79EFBC}") = "Weather", "Weather\Weather.csproj", "{C3E3F568-71CF-4C44-86D7-E156C668D384}"
EndProject
Project("{FAE04EC0-301F-11D3-BF4B-00C04F79EFBC}") = "Time", "Time\Time.csproj", "{CEFFB207-9CEE-469D-A199-741F02F06783}"
EndProject
Project("{FAE04EC0-301F-11D3-BF4B-00C04F79EFBC}") = "Other", "Other\Other.csproj", "{37FAAD9F-27E1-4BBA-9733-1A38F9988935}"
EndProject
Global
	GlobalSection(SolutionConfigurationPlatforms) = preSolution
		Release|x64 = Release|x64
	EndGlobalSection
	GlobalSection(ProjectConfigurationPlatforms) = postSolution
		{5249072E-D26A-4D95-BA22-72F9ECDA00C0}.Release|x64.ActiveCfg = Release|x64
		{5249072E-D26A-4D95-BA22-72F9ECDA00C0}.Release|x64.Build.0 = Release|x64
		{B2E7347A-69C4-4F4B-BA55-929CD32A4292}.Release|x64.ActiveCfg = Release|x64
		{B2E7347A-69C4-4F4B-BA55-929CD32A4292}.Release|x64.Build.0 = Release|x64
		{E697BDCE-7031-4C39-A60B-0DB5426057D8}.Release|x64.ActiveCfg = Release|x64
		{E697BDCE-7031-4C39-A60B-0DB5426057D8}.Release|x64.Build.0 = Release|x64
		{2ED13178-53DC-4114-ACC6-3EB5CB8D0ED2}.Release|x64.ActiveCfg = Release|x64
		{2ED13178-53DC-4114-ACC6-3EB5CB8D0ED2}.Release|x64.Build.0 = Release|x64
		{3447C8A3-137D-4963-92CB-DD6EABEE2BAD}.Release|x64.ActiveCfg = Release|x64
		{3447C8A3-137D-4963-92CB-DD6EABEE2BAD}.Release|x64.Build.0 = Release|x64
		{972285EE-591B-4CFA-A14A-D08130C48D7D}.Release|x64.ActiveCfg = Release|x64
		{972285EE-591B-4CFA-A14A-D08130C48D7D}.Release|x64.Build.0 = Release|x64
		{C3E3F568-71CF-4C44-86D7-E156C668D384}.Release|x64.ActiveCfg = Release|x64
		{C3E3F568-71CF-4C44-86D7-E156C668D384}.Release|x64.Build.0 = Release|x64
		{CEFFB207-9CEE-469D-A199-741F02F06783}.Release|x64.ActiveCfg = Release|x64
		{CEFFB207-9CEE-469D-A199-741F02F06783}.Release|x64.Build.0 = Release|x64
		{37FAAD9F-27E1-4BBA-9733-1A38F9988935}.Release|x64.ActiveCfg = Release|x64
		{37FAAD9F-27E1-4BBA-9733-1A38F9988935}.Release|x64.Build.0 = Release|x64
	EndGlobalSection
	GlobalSection(SolutionProperties) = preSolution
		HideSolutionNode = FALSE
	EndGlobalSection
EndGlobal
